
Microsoft Visual Studio Solution File, Format Version 12.00
# Visual Studio Version 16
VisualStudioVersion = 16.0.29324.140
MinimumVisualStudioVersion = 10.0.40219.1
Project("{2150E333-8FDC-42A3-9474-1A3956D46DE8}") = "Microservices", "Microservices", "{B23C6947-F262-4063-9CAD-12B9EB8BB6D3}"
EndProject
Project("{FAE04EC0-301F-11D3-BF4B-00C04F79EFBC}") = "Customer.API", "Customer.API\Customer.API.csproj", "{E88B5240-C50C-4643-BCAB-08470B6ADDDD}"
EndProject
Project("{FAE04EC0-301F-11D3-BF4B-00C04F79EFBC}") = "Products.API", "Products.API\Products.API.csproj", "{D531CA73-6AD5-421E-A515-7E04871889F2}"
EndProject
Project("{FAE04EC0-301F-11D3-BF4B-00C04F79EFBC}") = "Orders.API", "Orders.API\Orders.API.csproj", "{686BB773-2AEC-45B5-AF6A-253CF2A7D575}"
EndProject
Global
	GlobalSection(SolutionConfigurationPlatforms) = preSolution
		Debug|Any CPU = Debug|Any CPU
		Release|Any CPU = Release|Any CPU
	EndGlobalSection
	GlobalSection(ProjectConfigurationPlatforms) = postSolution
		{E88B5240-C50C-4643-BCAB-08470B6ADDDD}.Debug|Any CPU.ActiveCfg = Debug|Any CPU
		{E88B5240-C50C-4643-BCAB-08470B6ADDDD}.Debug|Any CPU.Build.0 = Debug|Any CPU
		{E88B5240-C50C-4643-BCAB-08470B6ADDDD}.Release|Any CPU.ActiveCfg = Release|Any CPU
		{E88B5240-C50C-4643-BCAB-08470B6ADDDD}.Release|Any CPU.Build.0 = Release|Any CPU
		{D531CA73-6AD5-421E-A515-7E04871889F2}.Debug|Any CPU.ActiveCfg = Debug|Any CPU
		{D531CA73-6AD5-421E-A515-7E04871889F2}.Debug|Any CPU.Build.0 = Debug|Any CPU
		{D531CA73-6AD5-421E-A515-7E04871889F2}.Release|Any CPU.ActiveCfg = Release|Any CPU
		{D531CA73-6AD5-421E-A515-7E04871889F2}.Release|Any CPU.Build.0 = Release|Any CPU
		{686BB773-2AEC-45B5-AF6A-253CF2A7D575}.Debug|Any CPU.ActiveCfg = Debug|Any CPU
		{686BB773-2AEC-45B5-AF6A-253CF2A7D575}.Debug|Any CPU.Build.0 = Debug|Any CPU
		{686BB773-2AEC-45B5-AF6A-253CF2A7D575}.Release|Any CPU.ActiveCfg = Release|Any CPU
		{686BB773-2AEC-45B5-AF6A-253CF2A7D575}.Release|Any CPU.Build.0 = Release|Any CPU
	EndGlobalSection
	GlobalSection(SolutionProperties) = preSolution
		HideSolutionNode = FALSE
	EndGlobalSection
	GlobalSection(NestedProjects) = preSolution
		{E88B5240-C50C-4643-BCAB-08470B6ADDDD} = {B23C6947-F262-4063-9CAD-12B9EB8BB6D3}
		{D531CA73-6AD5-421E-A515-7E04871889F2} = {B23C6947-F262-4063-9CAD-12B9EB8BB6D3}
		{686BB773-2AEC-45B5-AF6A-253CF2A7D575} = {B23C6947-F262-4063-9CAD-12B9EB8BB6D3}
	EndGlobalSection
	GlobalSection(ExtensibilityGlobals) = postSolution
		SolutionGuid = {A5FDF3F8-0E70-41C5-8EB3-C87D9C14255A}
	EndGlobalSection
EndGlobal
